
Microsoft Visual Studio Solution File, Format Version 12.00
# Visual Studio 2012
Project("{8BC9CEB8-8B4A-11D0-8D11-00A0C91BC942}") = "simpleDist", "simpleDist.vcxproj", "{59248302-52E0-4CC0-9BBE-E475BA4A9B41}"
EndProject
Project("{8BC9CEB8-8B4A-11D0-8D11-00A0C91BC942}") = "bmp4AudioLibrary", "..\..\bmp4AudioLibrary\bmp4AudioLibrary.vcxproj", "{44126F49-BFEB-41A8-9D1E-67C9ED9742DD}"
EndProject
Project("{8BC9CEB8-8B4A-11D0-8D11-00A0C91BC942}") = "templateTest", "..\templateTest\templateTest.vcxproj", "{2EEDC12B-D780-4FA4-84FB-D38853F288AC}"
EndProject
Project("{8BC9CEB8-8B4A-11D0-8D11-00A0C91BC942}") = "adelay", "..\..\..\Documents\sdks\steinberg\vstsdk2.4\public.sdk\samples\vst2.x\adelay\win\adelay.vcxproj", "{6503B2E8-BC8D-4D80-809C-D43694296419}"
EndProject
Global
	GlobalSection(SolutionConfigurationPlatforms) = preSolution
		Debug|Win32 = Debug|Win32
		Debug|x64 = Debug|x64
		Release|Win32 = Release|Win32
		Release|x64 = Release|x64
	EndGlobalSection
	GlobalSection(ProjectConfigurationPlatforms) = postSolution
		{59248302-52E0-4CC0-9BBE-E475BA4A9B41}.Debug|Win32.ActiveCfg = Debug|Win32
		{59248302-52E0-4CC0-9BBE-E475BA4A9B41}.Debug|Win32.Build.0 = Debug|Win32
		{59248302-52E0-4CC0-9BBE-E475BA4A9B41}.Debug|x64.ActiveCfg = Debug|x64
		{59248302-52E0-4CC0-9BBE-E475BA4A9B41}.Debug|x64.Build.0 = Debug|x64
		{59248302-52E0-4CC0-9BBE-E475BA4A9B41}.Release|Win32.ActiveCfg = Release|Win32
		{59248302-52E0-4CC0-9BBE-E475BA4A9B41}.Release|Win32.Build.0 = Release|Win32
		{59248302-52E0-4CC0-9BBE-E475BA4A9B41}.Release|x64.ActiveCfg = Release|x64
		{59248302-52E0-4CC0-9BBE-E475BA4A9B41}.Release|x64.Build.0 = Release|x64
		{44126F49-BFEB-41A8-9D1E-67C9ED9742DD}.Debug|Win32.ActiveCfg = Debug|Win32
		{44126F49-BFEB-41A8-9D1E-67C9ED9742DD}.Debug|Win32.Build.0 = Debug|Win32
		{44126F49-BFEB-41A8-9D1E-67C9ED9742DD}.Debug|x64.ActiveCfg = Debug|Win32
		{44126F49-BFEB-41A8-9D1E-67C9ED9742DD}.Release|Win32.ActiveCfg = Release|Win32
		{44126F49-BFEB-41A8-9D1E-67C9ED9742DD}.Release|Win32.Build.0 = Release|Win32
		{44126F49-BFEB-41A8-9D1E-67C9ED9742DD}.Release|x64.ActiveCfg = Release|Win32
		{2EEDC12B-D780-4FA4-84FB-D38853F288AC}.Debug|Win32.ActiveCfg = Debug|Win32
		{2EEDC12B-D780-4FA4-84FB-D38853F288AC}.Debug|Win32.Build.0 = Debug|Win32
		{2EEDC12B-D780-4FA4-84FB-D38853F288AC}.Debug|x64.ActiveCfg = Debug|Win32
		{2EEDC12B-D780-4FA4-84FB-D38853F288AC}.Release|Win32.ActiveCfg = Release|Win32
		{2EEDC12B-D780-4FA4-84FB-D38853F288AC}.Release|Win32.Build.0 = Release|Win32
		{2EEDC12B-D780-4FA4-84FB-D38853F288AC}.Release|x64.ActiveCfg = Release|Win32
		{6503B2E8-BC8D-4D80-809C-D43694296419}.Debug|Win32.ActiveCfg = Debug|Win32
		{6503B2E8-BC8D-4D80-809C-D43694296419}.Debug|Win32.Build.0 = Debug|Win32
		{6503B2E8-BC8D-4D80-809C-D43694296419}.Debug|x64.ActiveCfg = Debug|x64
		{6503B2E8-BC8D-4D80-809C-D43694296419}.Debug|x64.Build.0 = Debug|x64
		{6503B2E8-BC8D-4D80-809C-D43694296419}.Release|Win32.ActiveCfg = Release|Win32
		{6503B2E8-BC8D-4D80-809C-D43694296419}.Release|Win32.Build.0 = Release|Win32
		{6503B2E8-BC8D-4D80-809C-D43694296419}.Release|x64.ActiveCfg = Release|x64
		{6503B2E8-BC8D-4D80-809C-D43694296419}.Release|x64.Build.0 = Release|x64
	EndGlobalSection
	GlobalSection(SolutionProperties) = preSolution
		HideSolutionNode = FALSE
	EndGlobalSection
EndGlobal
